
Microsoft Visual Studio Solution File, Format Version 12.00
# Visual Studio Version 17
VisualStudioVersion = 17.3.32804.467
MinimumVisualStudioVersion = 10.0.40219.1
Project("{FAE04EC0-301F-11D3-BF4B-00C04F79EFBC}") = "oct12", "oct12\oct12.csproj", "{8A532705-E3A2-4084-A49A-F0A34356D803}"
EndProject
Global
	GlobalSection(SolutionConfigurationPlatforms) = preSolution
		Debug|Any CPU = Debug|Any CPU
		Release|Any CPU = Release|Any CPU
	EndGlobalSection
	GlobalSection(ProjectConfigurationPlatforms) = postSolution
		{8A532705-E3A2-4084-A49A-F0A34356D803}.Debug|Any CPU.ActiveCfg = Debug|Any CPU
		{8A532705-E3A2-4084-A49A-F0A34356D803}.Debug|Any CPU.Build.0 = Debug|Any CPU
		{8A532705-E3A2-4084-A49A-F0A34356D803}.Release|Any CPU.ActiveCfg = Release|Any CPU
		{8A532705-E3A2-4084-A49A-F0A34356D803}.Release|Any CPU.Build.0 = Release|Any CPU
	EndGlobalSection
	GlobalSection(SolutionProperties) = preSolution
		HideSolutionNode = FALSE
	EndGlobalSection
	GlobalSection(ExtensibilityGlobals) = postSolution
		SolutionGuid = {B021E4C4-B260-4988-874D-2D1CDBEF90AB}
	EndGlobalSection
EndGlobal
